PODS:
  - SimpleTabBarAnimations (1.1.0)
  - TwoWayBondage (2.0.1)

DEPENDENCIES:
  - SimpleTabBarAnimations
  - TwoWayBondage

SPEC REPOS:
  trunk:
    - SimpleTabBarAnimations
    - TwoWayBondage

SPEC CHECKSUMS:
  SimpleTabBarAnimations: 62982ab51a516edd631e04c3a1c6e83d51e9c49c
  TwoWayBondage: fb56f9e15c725628a4f2b8ecb2a987673286aea9

PODFILE CHECKSUM: edef8f2f1226495f2675ee697ae2a0faae621caa

COCOAPODS: 1.9.1
